
Microsoft Visual Studio Solution File, Format Version 12.00
Project("{FAE04EC0-301F-11D3-BF4B-00C04F79EFBC}") = "Shared", "Shared\Shared.csproj", "{601670DA-D222-4F63-AB25-D12976CDC6DE}"
EndProject
Project("{FAE04EC0-301F-11D3-BF4B-00C04F79EFBC}") = "WebAPI", "WebAPI\WebAPI.csproj", "{512A9C60-6B6B-49A5-9C57-FA0A2888A069}"
EndProject
Project("{FAE04EC0-301F-11D3-BF4B-00C04F79EFBC}") = "BlazorSyncTask", "BlazorSyncTask\BlazorSyncTask.csproj", "{18986499-28E6-4580-BCAD-C22F72D4BB85}"
EndProject
Project("{FAE04EC0-301F-11D3-BF4B-00C04F79EFBC}") = "DatabaseCon", "DatabaseCon\DatabaseCon.csproj", "{B2579A44-7CEC-4954-A8C4-C1BC4A9BE3DE}"
EndProject
Global
	GlobalSection(SolutionConfigurationPlatforms) = preSolution
		Debug|Any CPU = Debug|Any CPU
		Release|Any CPU = Release|Any CPU
	EndGlobalSection
	GlobalSection(ProjectConfigurationPlatforms) = postSolution
		{601670DA-D222-4F63-AB25-D12976CDC6DE}.Debug|Any CPU.ActiveCfg = Debug|Any CPU
		{601670DA-D222-4F63-AB25-D12976CDC6DE}.Debug|Any CPU.Build.0 = Debug|Any CPU
		{601670DA-D222-4F63-AB25-D12976CDC6DE}.Release|Any CPU.ActiveCfg = Release|Any CPU
		{601670DA-D222-4F63-AB25-D12976CDC6DE}.Release|Any CPU.Build.0 = Release|Any CPU
		{512A9C60-6B6B-49A5-9C57-FA0A2888A069}.Debug|Any CPU.ActiveCfg = Debug|Any CPU
		{512A9C60-6B6B-49A5-9C57-FA0A2888A069}.Debug|Any CPU.Build.0 = Debug|Any CPU
		{512A9C60-6B6B-49A5-9C57-FA0A2888A069}.Release|Any CPU.ActiveCfg = Release|Any CPU
		{512A9C60-6B6B-49A5-9C57-FA0A2888A069}.Release|Any CPU.Build.0 = Release|Any CPU
		{18986499-28E6-4580-BCAD-C22F72D4BB85}.Debug|Any CPU.ActiveCfg = Debug|Any CPU
		{18986499-28E6-4580-BCAD-C22F72D4BB85}.Debug|Any CPU.Build.0 = Debug|Any CPU
		{18986499-28E6-4580-BCAD-C22F72D4BB85}.Release|Any CPU.ActiveCfg = Release|Any CPU
		{18986499-28E6-4580-BCAD-C22F72D4BB85}.Release|Any CPU.Build.0 = Release|Any CPU
		{B2579A44-7CEC-4954-A8C4-C1BC4A9BE3DE}.Debug|Any CPU.ActiveCfg = Debug|Any CPU
		{B2579A44-7CEC-4954-A8C4-C1BC4A9BE3DE}.Debug|Any CPU.Build.0 = Debug|Any CPU
		{B2579A44-7CEC-4954-A8C4-C1BC4A9BE3DE}.Release|Any CPU.ActiveCfg = Release|Any CPU
		{B2579A44-7CEC-4954-A8C4-C1BC4A9BE3DE}.Release|Any CPU.Build.0 = Release|Any CPU
	EndGlobalSection
EndGlobal
